<?xml version="1.0" encoding="utf-8"?>
<Project ToolsVersion="4.0" xmlns="http://schemas.microsoft.com/developer/msbuild/2003">
  <ItemGroup>
    <Filter Include="Source Files">
      <UniqueIdentifier>{4FC737F1-C7A5-4376-A066-2A32D752A2FF}</UniqueIdentifier>
      <Extensions>cpp;c;cc;cxx;c++;def;odl;idl;hpj;bat;asm;asmx</Extensions>
    </Filter>
    <Filter Include="Header Files">
      <UniqueIdentifier>{93995380-89BD-4b04-88EB-625FBE52EBFB}</UniqueIdentifier>
      <Extensions>h;hh;hpp;hxx;h++;hm;inl;inc;ipp;xsd</Extensions>
    </Filter>
    <Filter Include="Resource Files">
      <UniqueIdentifier>{67DA6AB6-F800-4c08-8B7A-83BB121AAD01}</UniqueIdentifier>
      <Extensions>rc;ico;cur;bmp;dlg;rc2;rct;bin;rgs;gif;jpg;jpeg;jpe;resx;tiff;tif;png;wav;mfcribbon-ms</Extensions>
    </Filter>
    <Filter Include="Core">
      <UniqueIdentifier>{b9865a02-614e-496f-9ff9-85fe36284d97}</UniqueIdentifier>
    </Filter>
    <Filter Include="Core\Lib">
      <UniqueIdentifier>{44694d79-9ef2-4234-ba95-466b5187cc9b}</UniqueIdentifier>
    </Filter>
    <Filter Include="Core\Lib\Stack">
      <UniqueIdentifier>{e8ca54f9-87e7-47a1-abb0-c126027d284e}</UniqueIdentifier>
    </Filter>
    <Filter Include="Core\Object">
      <UniqueIdentifier>{112469c8-dfb5-4c15-95e7-1ead79d4fbe7}</UniqueIdentifier>
    </Filter>
    <Filter Include="Core\Exceptions">
      <UniqueIdentifier>{986cea0c-f922-4b35-aa4d-73eea9899d27}</UniqueIdentifier>
    </Filter>
    <Filter Include="Core\Operator">
      <UniqueIdentifier>{b2cd22ac-ae53-4512-b824-259b2dd1c8a8}</UniqueIdentifier>
    </Filter>
    <Filter Include="Core\Scope">
      <UniqueIdentifier>{a4b2fb7c-fc3a-4c7c-862b-38ead6c33741}</UniqueIdentifier>
    </Filter>
    <Filter Include="Core\Object\Pointer">
      <UniqueIdentifier>{4819db2e-e009-407e-9933-0587e924b645}</UniqueIdentifier>
    </Filter>
    <Filter Include="Core\Object\Function">
      <UniqueIdentifier>{124681ba-b5cf-402a-923f-ccadb5813ce1}</UniqueIdentifier>
    </Filter>
  </ItemGroup>
  <ItemGroup>
    <ClCompile Include="main.cpp">
      <Filter>Source Files</Filter>
    </ClCompile>
    <ClCompile Include="Stack.cpp">
      <Filter>Core\Lib\Stack</Filter>
    </ClCompile>
    <ClCompile Include="Object.cpp">
      <Filter>Core\Object</Filter>
    </ClCompile>
    <ClCompile Include="Scope.cpp">
      <Filter>Core\Scope</Filter>
    </ClCompile>
    <ClCompile Include="Utils.cpp">
      <Filter>Core\Lib</Filter>
    </ClCompile>
    <ClCompile Include="Operator.cpp">
      <Filter>Core\Operator</Filter>
    </ClCompile>
    <ClCompile Include="Runtime.cpp">
      <Filter>Source Files</Filter>
    </ClCompile>
    <ClCompile Include="Function.cpp">
      <Filter>Core\Object\Function</Filter>
    </ClCompile>
    <ClCompile Include="CFunction.cpp">
      <Filter>Source Files</Filter>
    </ClCompile>
    <ClCompile Include="Module.cpp">
      <Filter>Core\Scope</Filter>
    </ClCompile>
    <ClCompile Include="Pointer.cpp">
      <Filter>Core\Object\Pointer</Filter>
    </ClCompile>
  </ItemGroup>
  <ItemGroup>
    <ClInclude Include="Stack.h">
      <Filter>Core\Lib\Stack</Filter>
    </ClInclude>
    <ClInclude Include="Object.h">
      <Filter>Core\Object</Filter>
    </ClInclude>
    <ClInclude Include="Exception.h">
      <Filter>Core\Exceptions</Filter>
    </ClInclude>
    <ClInclude Include="Scope.h">
      <Filter>Core\Scope</Filter>
    </ClInclude>
    <ClInclude Include="Runtime.h">
      <Filter>Header Files</Filter>
    </ClInclude>
    <ClInclude Include="Utils.h">
      <Filter>Core\Lib</Filter>
    </ClInclude>
    <ClInclude Include="Operator.h">
      <Filter>Core\Operator</Filter>
    </ClInclude>
    <ClInclude Include="Function.h">
      <Filter>Core\Object\Function</Filter>
    </ClInclude>
    <ClInclude Include="CFunction.h">
      <Filter>Header Files</Filter>
    </ClInclude>
    <ClInclude Include="Module.h">
      <Filter>Core\Scope</Filter>
    </ClInclude>
    <ClInclude Include="Pointer.h">
      <Filter>Core\Object\Pointer</Filter>
    </ClInclude>
  </ItemGroup>
</Project>